
Microsoft Visual Studio Solution File, Format Version 12.00
# Visual Studio Version 17
VisualStudioVersion = 17.0.31903.59
MinimumVisualStudioVersion = 10.0.40219.1
Project("{FAE04EC0-301F-11D3-BF4B-00C04F79EFBC}") = "Juego", "Juego\Juego.csproj", "{424A9B3E-345D-446E-9F0F-AB9708DC23EF}"
EndProject
Global
	GlobalSection(SolutionConfigurationPlatforms) = preSolution
		Debug|Any CPU = Debug|Any CPU
		Release|Any CPU = Release|Any CPU
	EndGlobalSection
	GlobalSection(SolutionProperties) = preSolution
		HideSolutionNode = FALSE
	EndGlobalSection
	GlobalSection(ProjectConfigurationPlatforms) = postSolution
		{424A9B3E-345D-446E-9F0F-AB9708DC23EF}.Debug|Any CPU.ActiveCfg = Debug|Any CPU
		{424A9B3E-345D-446E-9F0F-AB9708DC23EF}.Debug|Any CPU.Build.0 = Debug|Any CPU
		{424A9B3E-345D-446E-9F0F-AB9708DC23EF}.Release|Any CPU.ActiveCfg = Release|Any CPU
		{424A9B3E-345D-446E-9F0F-AB9708DC23EF}.Release|Any CPU.Build.0 = Release|Any CPU
	EndGlobalSection
EndGlobal
